
Microsoft Visual Studio Solution File, Format Version 12.00
# Visual Studio Version 16
VisualStudioVersion = 16.0.31911.196
MinimumVisualStudioVersion = 10.0.40219.1
Project("{FAE04EC0-301F-11D3-BF4B-00C04F79EFBC}") = "WpfForRest", "WpfForRest\WpfForRest.csproj", "{7E3967CC-6F73-436B-BB95-8A3A55776A9D}"
EndProject
Global
	GlobalSection(SolutionConfigurationPlatforms) = preSolution
		Debug|Any CPU = Debug|Any CPU
		Release|Any CPU = Release|Any CPU
	EndGlobalSection
	GlobalSection(ProjectConfigurationPlatforms) = postSolution
		{7E3967CC-6F73-436B-BB95-8A3A55776A9D}.Debug|Any CPU.ActiveCfg = Debug|Any CPU
		{7E3967CC-6F73-436B-BB95-8A3A55776A9D}.Debug|Any CPU.Build.0 = Debug|Any CPU
		{7E3967CC-6F73-436B-BB95-8A3A55776A9D}.Release|Any CPU.ActiveCfg = Release|Any CPU
		{7E3967CC-6F73-436B-BB95-8A3A55776A9D}.Release|Any CPU.Build.0 = Release|Any CPU
	EndGlobalSection
	GlobalSection(SolutionProperties) = preSolution
		HideSolutionNode = FALSE
	EndGlobalSection
	GlobalSection(ExtensibilityGlobals) = postSolution
		SolutionGuid = {C2929B38-296A-4767-AE60-23ACAD7B6654}
	EndGlobalSection
EndGlobal
